
Microsoft Visual Studio Solution File, Format Version 12.00
# Visual Studio Version 17
VisualStudioVersion = 17.0.31903.59
MinimumVisualStudioVersion = 10.0.40219.1
Project("{2150E333-8FDC-42A3-9474-1A3956D46DE8}") = "dev", "dev", "{1F1FF91F-0F4D-4EF5-9CA3-C4A90915A815}"
EndProject
Project("{2150E333-8FDC-42A3-9474-1A3956D46DE8}") = "server", "server", "{27A2766A-198E-476A-8AB2-05EB41846D53}"
EndProject
Project("{FAE04EC0-301F-11D3-BF4B-00C04F79EFBC}") = "Blaszm.Services.Fakes", "dev\server\Blaszm.Services.Fakes\Blaszm.Services.Fakes.csproj", "{4E88F0F0-C896-44EC-B32B-C1D5AEAE8B67}"
EndProject
Project("{2150E333-8FDC-42A3-9474-1A3956D46DE8}") = "src", "src", "{ABF56167-255A-4ECC-9A01-DE40D3D8CC02}"
EndProject
Project("{2150E333-8FDC-42A3-9474-1A3956D46DE8}") = "client", "client", "{5F7E23D9-62BA-40F9-A44C-ADE6EC06B6A1}"
EndProject
Project("{FAE04EC0-301F-11D3-BF4B-00C04F79EFBC}") = "Blaszm.Client", "src\client\Blaszm.Client\Blaszm.Client.csproj", "{D5BD8DA2-A077-4460-8A56-C582030ED751}"
EndProject
Project("{2150E333-8FDC-42A3-9474-1A3956D46DE8}") = "server", "server", "{4EA02DE2-3521-4F67-A8E0-16398C4B9DF7}"
EndProject
Project("{FAE04EC0-301F-11D3-BF4B-00C04F79EFBC}") = "Blaszm.Domain", "src\server\Blaszm.Domain\Blaszm.Domain.csproj", "{BEB4463F-66AD-45CE-A339-66829AA39EAE}"
EndProject
Project("{FAE04EC0-301F-11D3-BF4B-00C04F79EFBC}") = "Blaszm.Features", "src\server\Blaszm.Features\Blaszm.Features.csproj", "{A6CCB995-088B-497D-9804-F77147944AE7}"
EndProject
Project("{FAE04EC0-301F-11D3-BF4B-00C04F79EFBC}") = "Blaszm.Services", "src\server\Blaszm.Services\Blaszm.Services.csproj", "{D958067B-F05E-4195-B157-4A16F2D24663}"
EndProject
Project("{FAE04EC0-301F-11D3-BF4B-00C04F79EFBC}") = "Blaszm.Web", "src\server\Blaszm.Web\Blaszm.Web.csproj", "{1F1663FC-CF4D-420E-9632-8A59F0A4A645}"
EndProject
Project("{2150E333-8FDC-42A3-9474-1A3956D46DE8}") = "shared", "shared", "{01993DD2-03C4-483D-B415-3F9E6C48B4B9}"
EndProject
Project("{FAE04EC0-301F-11D3-BF4B-00C04F79EFBC}") = "Blaszm.Contracts", "src\shared\Blaszm.Contracts\Blaszm.Contracts.csproj", "{E9E05FB0-CDB1-4ED9-8E20-58E78192927E}"
EndProject
Project("{2150E333-8FDC-42A3-9474-1A3956D46DE8}") = "tests", "tests", "{9D2DC013-AB3B-44DC-967E-D42A69379B8F}"
EndProject
Project("{2150E333-8FDC-42A3-9474-1A3956D46DE8}") = "server", "server", "{D467D894-1B3C-41C9-AFC3-F3D140882DBA}"
EndProject
Project("{FAE04EC0-301F-11D3-BF4B-00C04F79EFBC}") = "Blaszm.Domain.Tests.Unit", "tests\server\Blaszm.Domain.Tests.Unit\Blaszm.Domain.Tests.Unit.csproj", "{A334178E-22F1-4D58-A032-B88637D544E8}"
EndProject
Global
	GlobalSection(SolutionConfigurationPlatforms) = preSolution
		Debug|Any CPU = Debug|Any CPU
		Release|Any CPU = Release|Any CPU
	EndGlobalSection
	GlobalSection(SolutionProperties) = preSolution
		HideSolutionNode = FALSE
	EndGlobalSection
	GlobalSection(ProjectConfigurationPlatforms) = postSolution
		{4E88F0F0-C896-44EC-B32B-C1D5AEAE8B67}.Debug|Any CPU.ActiveCfg = Debug|Any CPU
		{4E88F0F0-C896-44EC-B32B-C1D5AEAE8B67}.Debug|Any CPU.Build.0 = Debug|Any CPU
		{4E88F0F0-C896-44EC-B32B-C1D5AEAE8B67}.Release|Any CPU.ActiveCfg = Release|Any CPU
		{4E88F0F0-C896-44EC-B32B-C1D5AEAE8B67}.Release|Any CPU.Build.0 = Release|Any CPU
		{D5BD8DA2-A077-4460-8A56-C582030ED751}.Debug|Any CPU.ActiveCfg = Debug|Any CPU
		{D5BD8DA2-A077-4460-8A56-C582030ED751}.Debug|Any CPU.Build.0 = Debug|Any CPU
		{D5BD8DA2-A077-4460-8A56-C582030ED751}.Release|Any CPU.ActiveCfg = Release|Any CPU
		{D5BD8DA2-A077-4460-8A56-C582030ED751}.Release|Any CPU.Build.0 = Release|Any CPU
		{BEB4463F-66AD-45CE-A339-66829AA39EAE}.Debug|Any CPU.ActiveCfg = Debug|Any CPU
		{BEB4463F-66AD-45CE-A339-66829AA39EAE}.Debug|Any CPU.Build.0 = Debug|Any CPU
		{BEB4463F-66AD-45CE-A339-66829AA39EAE}.Release|Any CPU.ActiveCfg = Release|Any CPU
		{BEB4463F-66AD-45CE-A339-66829AA39EAE}.Release|Any CPU.Build.0 = Release|Any CPU
		{A6CCB995-088B-497D-9804-F77147944AE7}.Debug|Any CPU.ActiveCfg = Debug|Any CPU
		{A6CCB995-088B-497D-9804-F77147944AE7}.Debug|Any CPU.Build.0 = Debug|Any CPU
		{A6CCB995-088B-497D-9804-F77147944AE7}.Release|Any CPU.ActiveCfg = Release|Any CPU
		{A6CCB995-088B-497D-9804-F77147944AE7}.Release|Any CPU.Build.0 = Release|Any CPU
		{D958067B-F05E-4195-B157-4A16F2D24663}.Debug|Any CPU.ActiveCfg = Debug|Any CPU
		{D958067B-F05E-4195-B157-4A16F2D24663}.Debug|Any CPU.Build.0 = Debug|Any CPU
		{D958067B-F05E-4195-B157-4A16F2D24663}.Release|Any CPU.ActiveCfg = Release|Any CPU
		{D958067B-F05E-4195-B157-4A16F2D24663}.Release|Any CPU.Build.0 = Release|Any CPU
		{1F1663FC-CF4D-420E-9632-8A59F0A4A645}.Debug|Any CPU.ActiveCfg = Debug|Any CPU
		{1F1663FC-CF4D-420E-9632-8A59F0A4A645}.Debug|Any CPU.Build.0 = Debug|Any CPU
		{1F1663FC-CF4D-420E-9632-8A59F0A4A645}.Release|Any CPU.ActiveCfg = Release|Any CPU
		{1F1663FC-CF4D-420E-9632-8A59F0A4A645}.Release|Any CPU.Build.0 = Release|Any CPU
		{E9E05FB0-CDB1-4ED9-8E20-58E78192927E}.Debug|Any CPU.ActiveCfg = Debug|Any CPU
		{E9E05FB0-CDB1-4ED9-8E20-58E78192927E}.Debug|Any CPU.Build.0 = Debug|Any CPU
		{E9E05FB0-CDB1-4ED9-8E20-58E78192927E}.Release|Any CPU.ActiveCfg = Release|Any CPU
		{E9E05FB0-CDB1-4ED9-8E20-58E78192927E}.Release|Any CPU.Build.0 = Release|Any CPU
		{A334178E-22F1-4D58-A032-B88637D544E8}.Debug|Any CPU.ActiveCfg = Debug|Any CPU
		{A334178E-22F1-4D58-A032-B88637D544E8}.Debug|Any CPU.Build.0 = Debug|Any CPU
		{A334178E-22F1-4D58-A032-B88637D544E8}.Release|Any CPU.ActiveCfg = Release|Any CPU
		{A334178E-22F1-4D58-A032-B88637D544E8}.Release|Any CPU.Build.0 = Release|Any CPU
	EndGlobalSection
	GlobalSection(NestedProjects) = preSolution
		{27A2766A-198E-476A-8AB2-05EB41846D53} = {1F1FF91F-0F4D-4EF5-9CA3-C4A90915A815}
		{4E88F0F0-C896-44EC-B32B-C1D5AEAE8B67} = {27A2766A-198E-476A-8AB2-05EB41846D53}
		{5F7E23D9-62BA-40F9-A44C-ADE6EC06B6A1} = {ABF56167-255A-4ECC-9A01-DE40D3D8CC02}
		{D5BD8DA2-A077-4460-8A56-C582030ED751} = {5F7E23D9-62BA-40F9-A44C-ADE6EC06B6A1}
		{4EA02DE2-3521-4F67-A8E0-16398C4B9DF7} = {ABF56167-255A-4ECC-9A01-DE40D3D8CC02}
		{BEB4463F-66AD-45CE-A339-66829AA39EAE} = {4EA02DE2-3521-4F67-A8E0-16398C4B9DF7}
		{A6CCB995-088B-497D-9804-F77147944AE7} = {4EA02DE2-3521-4F67-A8E0-16398C4B9DF7}
		{D958067B-F05E-4195-B157-4A16F2D24663} = {4EA02DE2-3521-4F67-A8E0-16398C4B9DF7}
		{1F1663FC-CF4D-420E-9632-8A59F0A4A645} = {4EA02DE2-3521-4F67-A8E0-16398C4B9DF7}
		{01993DD2-03C4-483D-B415-3F9E6C48B4B9} = {ABF56167-255A-4ECC-9A01-DE40D3D8CC02}
		{E9E05FB0-CDB1-4ED9-8E20-58E78192927E} = {01993DD2-03C4-483D-B415-3F9E6C48B4B9}
		{D467D894-1B3C-41C9-AFC3-F3D140882DBA} = {9D2DC013-AB3B-44DC-967E-D42A69379B8F}
		{A334178E-22F1-4D58-A032-B88637D544E8} = {D467D894-1B3C-41C9-AFC3-F3D140882DBA}
	EndGlobalSection
EndGlobal
